
Microsoft Visual Studio Solution File, Format Version 12.00
Project("{FAE04EC0-301F-11D3-BF4B-00C04F79EFBC}") = "Task1", "Task1\Task1.csproj", "{1A54FF81-A035-40FA-93E1-74D314EC8D73}"
EndProject
Project("{FAE04EC0-301F-11D3-BF4B-00C04F79EFBC}") = "Task2", "Task2\Task2.csproj", "{F437382B-A30A-4991-BECD-9F7ED90566D5}"
EndProject
Global
	GlobalSection(SolutionConfigurationPlatforms) = preSolution
		Debug|Any CPU = Debug|Any CPU
		Release|Any CPU = Release|Any CPU
	EndGlobalSection
	GlobalSection(ProjectConfigurationPlatforms) = postSolution
		{1A54FF81-A035-40FA-93E1-74D314EC8D73}.Debug|Any CPU.ActiveCfg = Debug|Any CPU
		{1A54FF81-A035-40FA-93E1-74D314EC8D73}.Debug|Any CPU.Build.0 = Debug|Any CPU
		{1A54FF81-A035-40FA-93E1-74D314EC8D73}.Release|Any CPU.ActiveCfg = Release|Any CPU
		{1A54FF81-A035-40FA-93E1-74D314EC8D73}.Release|Any CPU.Build.0 = Release|Any CPU
		{F437382B-A30A-4991-BECD-9F7ED90566D5}.Debug|Any CPU.ActiveCfg = Debug|Any CPU
		{F437382B-A30A-4991-BECD-9F7ED90566D5}.Debug|Any CPU.Build.0 = Debug|Any CPU
		{F437382B-A30A-4991-BECD-9F7ED90566D5}.Release|Any CPU.ActiveCfg = Release|Any CPU
		{F437382B-A30A-4991-BECD-9F7ED90566D5}.Release|Any CPU.Build.0 = Release|Any CPU
	EndGlobalSection
EndGlobal
